
Microsoft Visual Studio Solution File, Format Version 12.00
# Visual Studio 2013
VisualStudioVersion = 12.0.21005.1
MinimumVisualStudioVersion = 10.0.40219.1
Project("{FAE04EC0-301F-11D3-BF4B-00C04F79EFBC}") = "BFIDE", "BFIDE\BFIDE.csproj", "{B48C162A-3EE8-4760-AAB0-14B7138C1374}"
EndProject
Project("{FAE04EC0-301F-11D3-BF4B-00C04F79EFBC}") = "BFInterpreter", "BFInterpreter\BFInterpreter.csproj", "{FB65DE0C-7E12-42A5-B2D4-188860BEBAB8}"
EndProject
Project("{FAE04EC0-301F-11D3-BF4B-00C04F79EFBC}") = "nbrainfuck", "nbrainfuck\nbrainfuck.csproj", "{9E13A614-7CE2-4B96-87DD-5CADA2C4FC6C}"
EndProject
Project("{2150E333-8FDC-42A3-9474-1A3956D46DE8}") = "Solution Items", "Solution Items", "{E209A578-2615-4761-BB85-7F940F154E72}"
	ProjectSection(SolutionItems) = preProject
		Changelog.txt = Changelog.txt
		CommandLine.dll = CommandLine.dll
		ICSharpCode.AvalonEdit.dll = ICSharpCode.AvalonEdit.dll
	EndProjectSection
EndProject
Project("{FAE04EC0-301F-11D3-BF4B-00C04F79EFBC}") = "nbrainloller", "nbrainloller\nbrainloller.csproj", "{213A4D7A-18E3-466A-9149-73FE82F20032}"
EndProject
Global
	GlobalSection(SolutionConfigurationPlatforms) = preSolution
		Debug|Any CPU = Debug|Any CPU
		Debug|Mixed Platforms = Debug|Mixed Platforms
		Debug|x86 = Debug|x86
		Release|Any CPU = Release|Any CPU
		Release|Mixed Platforms = Release|Mixed Platforms
		Release|x86 = Release|x86
	EndGlobalSection
	GlobalSection(ProjectConfigurationPlatforms) = postSolution
		{B48C162A-3EE8-4760-AAB0-14B7138C1374}.Debug|Any CPU.ActiveCfg = Debug|x86
		{B48C162A-3EE8-4760-AAB0-14B7138C1374}.Debug|Mixed Platforms.ActiveCfg = Debug|x86
		{B48C162A-3EE8-4760-AAB0-14B7138C1374}.Debug|Mixed Platforms.Build.0 = Debug|x86
		{B48C162A-3EE8-4760-AAB0-14B7138C1374}.Debug|x86.ActiveCfg = Debug|x86
		{B48C162A-3EE8-4760-AAB0-14B7138C1374}.Debug|x86.Build.0 = Debug|x86
		{B48C162A-3EE8-4760-AAB0-14B7138C1374}.Release|Any CPU.ActiveCfg = Release|x86
		{B48C162A-3EE8-4760-AAB0-14B7138C1374}.Release|Mixed Platforms.ActiveCfg = Release|x86
		{B48C162A-3EE8-4760-AAB0-14B7138C1374}.Release|Mixed Platforms.Build.0 = Release|x86
		{B48C162A-3EE8-4760-AAB0-14B7138C1374}.Release|x86.ActiveCfg = Release|x86
		{B48C162A-3EE8-4760-AAB0-14B7138C1374}.Release|x86.Build.0 = Release|x86
		{FB65DE0C-7E12-42A5-B2D4-188860BEBAB8}.Debug|Any CPU.ActiveCfg = Debug|Any CPU
		{FB65DE0C-7E12-42A5-B2D4-188860BEBAB8}.Debug|Any CPU.Build.0 = Debug|Any CPU
		{FB65DE0C-7E12-42A5-B2D4-188860BEBAB8}.Debug|Mixed Platforms.ActiveCfg = Debug|Any CPU
		{FB65DE0C-7E12-42A5-B2D4-188860BEBAB8}.Debug|Mixed Platforms.Build.0 = Debug|Any CPU
		{FB65DE0C-7E12-42A5-B2D4-188860BEBAB8}.Debug|x86.ActiveCfg = Debug|Any CPU
		{FB65DE0C-7E12-42A5-B2D4-188860BEBAB8}.Release|Any CPU.ActiveCfg = Release|Any CPU
		{FB65DE0C-7E12-42A5-B2D4-188860BEBAB8}.Release|Any CPU.Build.0 = Release|Any CPU
		{FB65DE0C-7E12-42A5-B2D4-188860BEBAB8}.Release|Mixed Platforms.ActiveCfg = Release|Any CPU
		{FB65DE0C-7E12-42A5-B2D4-188860BEBAB8}.Release|Mixed Platforms.Build.0 = Release|Any CPU
		{FB65DE0C-7E12-42A5-B2D4-188860BEBAB8}.Release|x86.ActiveCfg = Release|Any CPU
		{9E13A614-7CE2-4B96-87DD-5CADA2C4FC6C}.Debug|Any CPU.ActiveCfg = Debug|x86
		{9E13A614-7CE2-4B96-87DD-5CADA2C4FC6C}.Debug|Mixed Platforms.ActiveCfg = Debug|x86
		{9E13A614-7CE2-4B96-87DD-5CADA2C4FC6C}.Debug|Mixed Platforms.Build.0 = Debug|x86
		{9E13A614-7CE2-4B96-87DD-5CADA2C4FC6C}.Debug|x86.ActiveCfg = Debug|x86
		{9E13A614-7CE2-4B96-87DD-5CADA2C4FC6C}.Debug|x86.Build.0 = Debug|x86
		{9E13A614-7CE2-4B96-87DD-5CADA2C4FC6C}.Release|Any CPU.ActiveCfg = Release|x86
		{9E13A614-7CE2-4B96-87DD-5CADA2C4FC6C}.Release|Mixed Platforms.ActiveCfg = Release|x86
		{9E13A614-7CE2-4B96-87DD-5CADA2C4FC6C}.Release|Mixed Platforms.Build.0 = Release|x86
		{9E13A614-7CE2-4B96-87DD-5CADA2C4FC6C}.Release|x86.ActiveCfg = Release|x86
		{9E13A614-7CE2-4B96-87DD-5CADA2C4FC6C}.Release|x86.Build.0 = Release|x86
		{213A4D7A-18E3-466A-9149-73FE82F20032}.Debug|Any CPU.ActiveCfg = Debug|Any CPU
		{213A4D7A-18E3-466A-9149-73FE82F20032}.Debug|Any CPU.Build.0 = Debug|Any CPU
		{213A4D7A-18E3-466A-9149-73FE82F20032}.Debug|Mixed Platforms.ActiveCfg = Debug|Any CPU
		{213A4D7A-18E3-466A-9149-73FE82F20032}.Debug|Mixed Platforms.Build.0 = Debug|Any CPU
		{213A4D7A-18E3-466A-9149-73FE82F20032}.Debug|x86.ActiveCfg = Debug|Any CPU
		{213A4D7A-18E3-466A-9149-73FE82F20032}.Release|Any CPU.ActiveCfg = Release|Any CPU
		{213A4D7A-18E3-466A-9149-73FE82F20032}.Release|Any CPU.Build.0 = Release|Any CPU
		{213A4D7A-18E3-466A-9149-73FE82F20032}.Release|Mixed Platforms.ActiveCfg = Release|Any CPU
		{213A4D7A-18E3-466A-9149-73FE82F20032}.Release|Mixed Platforms.Build.0 = Release|Any CPU
		{213A4D7A-18E3-466A-9149-73FE82F20032}.Release|x86.ActiveCfg = Release|Any CPU
	EndGlobalSection
	GlobalSection(SolutionProperties) = preSolution
		HideSolutionNode = FALSE
	EndGlobalSection
EndGlobal
